
Microsoft Visual Studio Solution File, Format Version 12.00
# Visual Studio Version 17
VisualStudioVersion = 17.3.32825.248
MinimumVisualStudioVersion = 10.0.40219.1
Project("{FAE04EC0-301F-11D3-BF4B-00C04F79EFBC}") = "MyCalcLib2", "MyCalcLib2\MyCalcLib2.csproj", "{0B6F027E-8205-4215-AD26-9AD81BE69FC8}"
EndProject
Project("{FAE04EC0-301F-11D3-BF4B-00C04F79EFBC}") = "MyCalcLibTests", "MyCalcLibTests\MyCalcLibTests.csproj", "{782FC63D-B5A5-4DDF-A2AD-E5E04C4C3B86}"
EndProject
Project("{FAE04EC0-301F-11D3-BF4B-00C04F79EFBC}") = "SubCalcTests", "SubCalcTests\SubCalcTests.csproj", "{1CD32BFD-5A83-402D-9CBD-F7FDE3F9EE95}"
EndProject
Project("{FAE04EC0-301F-11D3-BF4B-00C04F79EFBC}") = "MulCalcTests", "MulCalcTests\MulCalcTests.csproj", "{DFDD0308-1CFF-4181-B4E1-4E6414BCD08B}"
EndProject
Project("{FAE04EC0-301F-11D3-BF4B-00C04F79EFBC}") = "DivCalcTests", "DivCalcTests\DivCalcTests.csproj", "{C3C2C5D5-4D32-4400-898A-EF79CF2B02FA}"
EndProject
Global
	GlobalSection(SolutionConfigurationPlatforms) = preSolution
		Debug|Any CPU = Debug|Any CPU
		Release|Any CPU = Release|Any CPU
	EndGlobalSection
	GlobalSection(ProjectConfigurationPlatforms) = postSolution
		{0B6F027E-8205-4215-AD26-9AD81BE69FC8}.Debug|Any CPU.ActiveCfg = Debug|Any CPU
		{0B6F027E-8205-4215-AD26-9AD81BE69FC8}.Debug|Any CPU.Build.0 = Debug|Any CPU
		{0B6F027E-8205-4215-AD26-9AD81BE69FC8}.Release|Any CPU.ActiveCfg = Release|Any CPU
		{0B6F027E-8205-4215-AD26-9AD81BE69FC8}.Release|Any CPU.Build.0 = Release|Any CPU
		{782FC63D-B5A5-4DDF-A2AD-E5E04C4C3B86}.Debug|Any CPU.ActiveCfg = Debug|Any CPU
		{782FC63D-B5A5-4DDF-A2AD-E5E04C4C3B86}.Debug|Any CPU.Build.0 = Debug|Any CPU
		{782FC63D-B5A5-4DDF-A2AD-E5E04C4C3B86}.Release|Any CPU.ActiveCfg = Release|Any CPU
		{782FC63D-B5A5-4DDF-A2AD-E5E04C4C3B86}.Release|Any CPU.Build.0 = Release|Any CPU
		{1CD32BFD-5A83-402D-9CBD-F7FDE3F9EE95}.Debug|Any CPU.ActiveCfg = Debug|Any CPU
		{1CD32BFD-5A83-402D-9CBD-F7FDE3F9EE95}.Debug|Any CPU.Build.0 = Debug|Any CPU
		{1CD32BFD-5A83-402D-9CBD-F7FDE3F9EE95}.Release|Any CPU.ActiveCfg = Release|Any CPU
		{1CD32BFD-5A83-402D-9CBD-F7FDE3F9EE95}.Release|Any CPU.Build.0 = Release|Any CPU
		{DFDD0308-1CFF-4181-B4E1-4E6414BCD08B}.Debug|Any CPU.ActiveCfg = Debug|Any CPU
		{DFDD0308-1CFF-4181-B4E1-4E6414BCD08B}.Debug|Any CPU.Build.0 = Debug|Any CPU
		{DFDD0308-1CFF-4181-B4E1-4E6414BCD08B}.Release|Any CPU.ActiveCfg = Release|Any CPU
		{DFDD0308-1CFF-4181-B4E1-4E6414BCD08B}.Release|Any CPU.Build.0 = Release|Any CPU
		{C3C2C5D5-4D32-4400-898A-EF79CF2B02FA}.Debug|Any CPU.ActiveCfg = Debug|Any CPU
		{C3C2C5D5-4D32-4400-898A-EF79CF2B02FA}.Debug|Any CPU.Build.0 = Debug|Any CPU
		{C3C2C5D5-4D32-4400-898A-EF79CF2B02FA}.Release|Any CPU.ActiveCfg = Release|Any CPU
		{C3C2C5D5-4D32-4400-898A-EF79CF2B02FA}.Release|Any CPU.Build.0 = Release|Any CPU
	EndGlobalSection
	GlobalSection(SolutionProperties) = preSolution
		HideSolutionNode = FALSE
	EndGlobalSection
	GlobalSection(ExtensibilityGlobals) = postSolution
		SolutionGuid = {436EF482-7297-47A3-ACB6-724781CB697C}
	EndGlobalSection
EndGlobal
